
Microsoft Visual Studio Solution File, Format Version 12.00
# Visual Studio Version 16
VisualStudioVersion = 16.0.30523.141
MinimumVisualStudioVersion = 10.0.40219.1
Project("{FAE04EC0-301F-11D3-BF4B-00C04F79EFBC}") = "Beencrypted", "Beencrypted.csproj", "{B1E93BE5-9B61-4713-B30D-EFDE38A952B3}"
EndProject
Global
	GlobalSection(SolutionConfigurationPlatforms) = preSolution
		Debug|Any CPU = Debug|Any CPU
		Release|Any CPU = Release|Any CPU
	EndGlobalSection
	GlobalSection(ProjectConfigurationPlatforms) = postSolution
		{B1E93BE5-9B61-4713-B30D-EFDE38A952B3}.Debug|Any CPU.ActiveCfg = Debug|Any CPU
		{B1E93BE5-9B61-4713-B30D-EFDE38A952B3}.Debug|Any CPU.Build.0 = Debug|Any CPU
		{B1E93BE5-9B61-4713-B30D-EFDE38A952B3}.Release|Any CPU.ActiveCfg = Release|Any CPU
		{B1E93BE5-9B61-4713-B30D-EFDE38A952B3}.Release|Any CPU.Build.0 = Release|Any CPU
	EndGlobalSection
	GlobalSection(SolutionProperties) = preSolution
		HideSolutionNode = FALSE
	EndGlobalSection
	GlobalSection(ExtensibilityGlobals) = postSolution
		SolutionGuid = {4E3DB1C4-69FA-463A-8D00-F51B7D5A0191}
	EndGlobalSection
EndGlobal
